
Microsoft Visual Studio Solution File, Format Version 12.00
# Visual Studio 15
VisualStudioVersion = 15.0.28307.1062
MinimumVisualStudioVersion = 10.0.40219.1
Project("{159641D6-6404-4A2A-AE62-294DE0FE8301}") = "ETL_Eval_1", "ETL_Eval_1\ETL_Eval_1.dtproj", "{C0B2E12D-DFC5-4280-A051-0305BE2BB8C7}"
EndProject
Global
	GlobalSection(SolutionConfigurationPlatforms) = preSolution
		Development|Default = Development|Default
	EndGlobalSection
	GlobalSection(ProjectConfigurationPlatforms) = postSolution
		{C0B2E12D-DFC5-4280-A051-0305BE2BB8C7}.Development|Default.ActiveCfg = Development
		{C0B2E12D-DFC5-4280-A051-0305BE2BB8C7}.Development|Default.Build.0 = Development
	EndGlobalSection
	GlobalSection(SolutionProperties) = preSolution
		HideSolutionNode = FALSE
	EndGlobalSection
	GlobalSection(ExtensibilityGlobals) = postSolution
		SolutionGuid = {AC8E5EC3-DC31-4A9F-B146-1A0EB3A0B21C}
	EndGlobalSection
EndGlobal
